# THIS IS AN AUTOGENERATED FILE. DO NOT EDIT THIS FILE DIRECTLY.
# yarn lockfile v1


postgres@^3.4.4:
  version "3.4.4"
  resolved "https://registry.yarnpkg.com/postgres/-/postgres-3.4.4.tgz#adbe08dc1fff0dea3559aa4f83ded70a289a6cb8"
  integrity sha512-IbyN+9KslkqcXa8AO9fxpk97PA4pzewvpi2B3Dwy9u4zpV32QicaEdgmF3eSQUzdRk7ttDHQejNgAEr4XoeH4A==
